
github.com/mdblp/metrics-middleware v0.1.0 h1:xCZ9UTUvak65WrF/unHZNSFttBdAa8gTdQS6+nIlsrU=
github.com/mdblp/metrics-middleware v0.1.0/go.mod h1:7vW6KFWyECV+1Swg4UZT2pU7F1KIUMo6qtg9IrFe5vY=
github.com/mdblp/go-common v0.7.0 h1:jddiiztvvwByq5jXVSINd1X0AABQRSdw4xMzUw36aKU=
github.com/mdblp/go-common v0.7.0/go.mod h1:cFFwPnC4pEjrr1YUwjyTfL8ogUgwuvjKe8+eS0bm9oA=

github.com/mdblp/shoreline v0.14.2-0.20210330081142-417f8c014a42 h1:EU/k1g4MKQ2O+AOCCzxeLlM2of2bnukp6eWwoqkZ+oM=
github.com/mdblp/shoreline v0.14.2-0.20210330081142-417f8c014a42/go.mod h1:R6FWve5zivjue7E2nHqATc+bfsQDISbdaLVB0oS2suE=
